Microsoft Visual Studio Solution File, Format Version 12.00
# Visual Studio 15
VisualStudioVersion = 15.0.26730.15
MinimumVisualStudioVersion = 10.0.40219.1
Project("{FAE04EC0-301F-11D3-BF4B-00C04F79EFBC}") = "SteganoNet.UI.WinForms", "SteganographyFramework\SteganoNet.UI.WinForms.csproj", "{842DB534-8D1A-4394-A14D-D956E79C64B5}"
	ProjectSection(ProjectDependencies) = postProject
		{CA73ED25-550E-4FA6-849F-741C607394C9} = {CA73ED25-550E-4FA6-849F-741C607394C9}
		{69B9B5AB-0918-4F12-8B28-8AA350ABE800} = {69B9B5AB-0918-4F12-8B28-8AA350ABE800}
	EndProjectSection
EndProject
Project("{FAE04EC0-301F-11D3-BF4B-00C04F79EFBC}") = "SteganoNet.Lib", "SteganoNetLib\SteganoNet.Lib.csproj", "{69B9B5AB-0918-4F12-8B28-8AA350ABE800}"
EndProject
Project("{FAE04EC0-301F-11D3-BF4B-00C04F79EFBC}") = "SteganoNet.Tests", "SteganoNet.Tests\SteganoNet.Tests.csproj", "{CA73ED25-550E-4FA6-849F-741C607394C9}"
EndProject
Global
	GlobalSection(SolutionConfigurationPlatforms) = preSolution
		Debug|Any CPU = Debug|Any CPU
		Debug|x64 = Debug|x64
		Debug|x86 = Debug|x86
		Release|Any CPU = Release|Any CPU
		Release|x64 = Release|x64
		Release|x86 = Release|x86
	EndGlobalSection
	GlobalSection(ProjectConfigurationPlatforms) = postSolution
		{842DB534-8D1A-4394-A14D-D956E79C64B5}.Debug|Any CPU.ActiveCfg = Debug|Any CPU
		{842DB534-8D1A-4394-A14D-D956E79C64B5}.Debug|Any CPU.Build.0 = Debug|Any CPU
		{842DB534-8D1A-4394-A14D-D956E79C64B5}.Debug|x64.ActiveCfg = Debug|x64
		{842DB534-8D1A-4394-A14D-D956E79C64B5}.Debug|x64.Build.0 = Debug|x64
		{842DB534-8D1A-4394-A14D-D956E79C64B5}.Debug|x86.ActiveCfg = Debug|x86
		{842DB534-8D1A-4394-A14D-D956E79C64B5}.Debug|x86.Build.0 = Debug|x86
		{842DB534-8D1A-4394-A14D-D956E79C64B5}.Release|Any CPU.ActiveCfg = Release|Any CPU
		{842DB534-8D1A-4394-A14D-D956E79C64B5}.Release|Any CPU.Build.0 = Release|Any CPU
		{842DB534-8D1A-4394-A14D-D956E79C64B5}.Release|x64.ActiveCfg = Release|x64
		{842DB534-8D1A-4394-A14D-D956E79C64B5}.Release|x64.Build.0 = Release|x64
		{842DB534-8D1A-4394-A14D-D956E79C64B5}.Release|x86.ActiveCfg = Release|x86
		{842DB534-8D1A-4394-A14D-D956E79C64B5}.Release|x86.Build.0 = Release|x86
		{842DB534-8D1A-4394-A14D-D956E79C64B5}.Release|x86.Deploy.0 = Release|x86
		{69B9B5AB-0918-4F12-8B28-8AA350ABE800}.Debug|Any CPU.ActiveCfg = Debug|Any CPU
		{69B9B5AB-0918-4F12-8B28-8AA350ABE800}.Debug|Any CPU.Build.0 = Debug|Any CPU
		{69B9B5AB-0918-4F12-8B28-8AA350ABE800}.Debug|x64.ActiveCfg = Debug|Any CPU
		{69B9B5AB-0918-4F12-8B28-8AA350ABE800}.Debug|x64.Build.0 = Debug|Any CPU
		{69B9B5AB-0918-4F12-8B28-8AA350ABE800}.Debug|x86.ActiveCfg = Debug|x86
		{69B9B5AB-0918-4F12-8B28-8AA350ABE800}.Debug|x86.Build.0 = Debug|x86
		{69B9B5AB-0918-4F12-8B28-8AA350ABE800}.Release|Any CPU.ActiveCfg = Release|Any CPU
		{69B9B5AB-0918-4F12-8B28-8AA350ABE800}.Release|Any CPU.Build.0 = Release|Any CPU
		{69B9B5AB-0918-4F12-8B28-8AA350ABE800}.Release|x64.ActiveCfg = Release|Any CPU
		{69B9B5AB-0918-4F12-8B28-8AA350ABE800}.Release|x64.Build.0 = Release|Any CPU
		{69B9B5AB-0918-4F12-8B28-8AA350ABE800}.Release|x86.ActiveCfg = Release|Any CPU
		{69B9B5AB-0918-4F12-8B28-8AA350ABE800}.Release|x86.Build.0 = Release|Any CPU
		{CA73ED25-550E-4FA6-849F-741C607394C9}.Debug|Any CPU.ActiveCfg = Debug|Any CPU
		{CA73ED25-550E-4FA6-849F-741C607394C9}.Debug|Any CPU.Build.0 = Debug|Any CPU
		{CA73ED25-550E-4FA6-849F-741C607394C9}.Debug|x64.ActiveCfg = Debug|Any CPU
		{CA73ED25-550E-4FA6-849F-741C607394C9}.Debug|x64.Build.0 = Debug|Any CPU
		{CA73ED25-550E-4FA6-849F-741C607394C9}.Debug|x86.ActiveCfg = Debug|x86
		{CA73ED25-550E-4FA6-849F-741C607394C9}.Debug|x86.Build.0 = Debug|x86
		{CA73ED25-550E-4FA6-849F-741C607394C9}.Release|Any CPU.ActiveCfg = Release|Any CPU
		{CA73ED25-550E-4FA6-849F-741C607394C9}.Release|Any CPU.Build.0 = Release|Any CPU
		{CA73ED25-550E-4FA6-849F-741C607394C9}.Release|x64.ActiveCfg = Release|Any CPU
		{CA73ED25-550E-4FA6-849F-741C607394C9}.Release|x64.Build.0 = Release|Any CPU
		{CA73ED25-550E-4FA6-849F-741C607394C9}.Release|x86.ActiveCfg = Release|Any CPU
		{CA73ED25-550E-4FA6-849F-741C607394C9}.Release|x86.Build.0 = Release|Any CPU
	EndGlobalSection
	GlobalSection(SolutionProperties) = preSolution
		HideSolutionNode = FALSE
	EndGlobalSection
	GlobalSection(ExtensibilityGlobals) = postSolution
		SolutionGuid = {388E87AE-9E8E-49E0-9D8C-C3DFC6B114AC}
	EndGlobalSection
EndGlobal
